
Microsoft Visual Studio Solution File, Format Version 12.00
# Visual Studio Version 17
VisualStudioVersion = 17.7.34031.279
MinimumVisualStudioVersion = 10.0.40219.1
Project("{FAE04EC0-301F-11D3-BF4B-00C04F79EFBC}") = "PresentacionGeoloca", "PresentacionGeoloca\PresentacionGeoloca.csproj", "{4F566D33-1914-4654-9029-7F39A1876088}"
EndProject
Project("{FAE04EC0-301F-11D3-BF4B-00C04F79EFBC}") = "EntidadesGeo", "EntidadesGeo\EntidadesGeo.csproj", "{BE528F37-49F9-4E78-95C1-2671EE4110C1}"
EndProject
Project("{FAE04EC0-301F-11D3-BF4B-00C04F79EFBC}") = "AccesoDatosGeo", "AccesoDatosGeo\AccesoDatosGeo.csproj", "{1AAF094E-2E62-4887-920E-28823846B3FA}"
EndProject
Project("{FAE04EC0-301F-11D3-BF4B-00C04F79EFBC}") = "ManejajadoresGeo", "ManejajadoresGeo\ManejajadoresGeo.csproj", "{47690A50-14F4-4930-A395-7DC32DDDB8C3}"
EndProject
Global
	GlobalSection(SolutionConfigurationPlatforms) = preSolution
		Debug|Any CPU = Debug|Any CPU
		Release|Any CPU = Release|Any CPU
	EndGlobalSection
	GlobalSection(ProjectConfigurationPlatforms) = postSolution
		{4F566D33-1914-4654-9029-7F39A1876088}.Debug|Any CPU.ActiveCfg = Debug|Any CPU
		{4F566D33-1914-4654-9029-7F39A1876088}.Debug|Any CPU.Build.0 = Debug|Any CPU
		{4F566D33-1914-4654-9029-7F39A1876088}.Release|Any CPU.ActiveCfg = Release|Any CPU
		{4F566D33-1914-4654-9029-7F39A1876088}.Release|Any CPU.Build.0 = Release|Any CPU
		{BE528F37-49F9-4E78-95C1-2671EE4110C1}.Debug|Any CPU.ActiveCfg = Debug|Any CPU
		{BE528F37-49F9-4E78-95C1-2671EE4110C1}.Debug|Any CPU.Build.0 = Debug|Any CPU
		{BE528F37-49F9-4E78-95C1-2671EE4110C1}.Release|Any CPU.ActiveCfg = Release|Any CPU
		{BE528F37-49F9-4E78-95C1-2671EE4110C1}.Release|Any CPU.Build.0 = Release|Any CPU
		{1AAF094E-2E62-4887-920E-28823846B3FA}.Debug|Any CPU.ActiveCfg = Debug|Any CPU
		{1AAF094E-2E62-4887-920E-28823846B3FA}.Debug|Any CPU.Build.0 = Debug|Any CPU
		{1AAF094E-2E62-4887-920E-28823846B3FA}.Release|Any CPU.ActiveCfg = Release|Any CPU
		{1AAF094E-2E62-4887-920E-28823846B3FA}.Release|Any CPU.Build.0 = Release|Any CPU
		{47690A50-14F4-4930-A395-7DC32DDDB8C3}.Debug|Any CPU.ActiveCfg = Debug|Any CPU
		{47690A50-14F4-4930-A395-7DC32DDDB8C3}.Debug|Any CPU.Build.0 = Debug|Any CPU
		{47690A50-14F4-4930-A395-7DC32DDDB8C3}.Release|Any CPU.ActiveCfg = Release|Any CPU
		{47690A50-14F4-4930-A395-7DC32DDDB8C3}.Release|Any CPU.Build.0 = Release|Any CPU
	EndGlobalSection
	GlobalSection(SolutionProperties) = preSolution
		HideSolutionNode = FALSE
	EndGlobalSection
	GlobalSection(ExtensibilityGlobals) = postSolution
		SolutionGuid = {15B6FFE0-9D6C-423D-AA8E-6195B1D7919D}
	EndGlobalSection
EndGlobal
